<?xml version="1.0" encoding="utf-8"?>
<Project ToolsVersion="4.0" xmlns="http://schemas.microsoft.com/developer/msbuild/2003">
  <ItemGroup>
    <Filter Include="Файлы исходного кода">
      <UniqueIdentifier>{4FC737F1-C7A5-4376-A066-2A32D752A2FF}</UniqueIdentifier>
      <Extensions>cpp;c;cc;cxx;def;odl;idl;hpj;bat;asm;asmx</Extensions>
    </Filter>
    <Filter Include="Заголовочные файлы">
      <UniqueIdentifier>{93995380-89BD-4b04-88EB-625FBE52EBFB}</UniqueIdentifier>
      <Extensions>h;hh;hpp;hxx;hm;inl;inc;xsd</Extensions>
    </Filter>
    <Filter Include="Data">
      <UniqueIdentifier>{01204eda-ee18-4acb-9c4c-df7fb02867c7}</UniqueIdentifier>
    </Filter>
    <Filter Include="Objects">
      <UniqueIdentifier>{a2879372-3c7c-41c3-b25d-6bdd942d6fcb}</UniqueIdentifier>
    </Filter>
    <Filter Include="Lights">
      <UniqueIdentifier>{324d026f-c077-4a2c-b0a2-b8f8281d99e1}</UniqueIdentifier>
    </Filter>
    <Filter Include="Parsers">
      <UniqueIdentifier>{0d0ed955-8257-4483-82b7-99319071a4d4}</UniqueIdentifier>
    </Filter>
    <Filter Include="Materials">
      <UniqueIdentifier>{6cc87e00-47c5-4757-b212-d37468bf9fad}</UniqueIdentifier>
    </Filter>
  </ItemGroup>
  <ItemGroup>
    <ClInclude Include="camera.h">
      <Filter>Заголовочные файлы</Filter>
    </ClInclude>
    <ClInclude Include="transform.h">
      <Filter>Заголовочные файлы</Filter>
    </ClInclude>
    <ClInclude Include="ray.h">
      <Filter>Data</Filter>
    </ClInclude>
    <ClInclude Include="plane.h">
      <Filter>Objects</Filter>
    </ClInclude>
    <ClInclude Include="sphere.h">
      <Filter>Objects</Filter>
    </ClInclude>
    <ClInclude Include="matrix4x4.h">
      <Filter>Data</Filter>
    </ClInclude>
    <ClInclude Include="vector3.h">
      <Filter>Data</Filter>
    </ClInclude>
    <ClInclude Include="vector4.h">
      <Filter>Data</Filter>
    </ClInclude>
    <ClInclude Include="scene.h">
      <Filter>Заголовочные файлы</Filter>
    </ClInclude>
    <ClInclude Include="render.h">
      <Filter>Заголовочные файлы</Filter>
    </ClInclude>
    <ClInclude Include="color.h">
      <Filter>Data</Filter>
    </ClInclude>
    <ClInclude Include="light.h">
      <Filter>Lights</Filter>
    </ClInclude>
    <ClInclude Include="object.h">
      <Filter>Objects</Filter>
    </ClInclude>
    <ClInclude Include="triangle.h">
      <Filter>Objects</Filter>
    </ClInclude>
    <ClInclude Include="bitmap_image.hpp">
      <Filter>Заголовочные файлы</Filter>
    </ClInclude>
    <ClInclude Include="image.h">
      <Filter>Data</Filter>
    </ClInclude>
    <ClInclude Include="mesh.h">
      <Filter>Objects</Filter>
    </ClInclude>
    <ClInclude Include="boundingbox.h">
      <Filter>Data</Filter>
    </ClInclude>
    <ClInclude Include="CImg.h">
      <Filter>Заголовочные файлы</Filter>
    </ClInclude>
    <ClInclude Include="objParser.h">
      <Filter>Parsers</Filter>
    </ClInclude>
    <ClInclude Include="mtlParser.h">
      <Filter>Parsers</Filter>
    </ClInclude>
    <ClInclude Include="utils.h">
      <Filter>Заголовочные файлы</Filter>
    </ClInclude>
    <ClInclude Include="main.h">
      <Filter>Заголовочные файлы</Filter>
    </ClInclude>
    <ClInclude Include="logger.h">
      <Filter>Заголовочные файлы</Filter>
    </ClInclude>
    <ClInclude Include="quad.h">
      <Filter>Objects</Filter>
    </ClInclude>
    <ClInclude Include="phongMaterial.h">
      <Filter>Materials</Filter>
    </ClInclude>
    <ClInclude Include="material.h">
      <Filter>Materials</Filter>
    </ClInclude>
  </ItemGroup>
  <ItemGroup>
    <ClCompile Include="main.cpp">
      <Filter>Файлы исходного кода</Filter>
    </ClCompile>
    <ClCompile Include="camera.cpp">
      <Filter>Файлы исходного кода</Filter>
    </ClCompile>
    <ClCompile Include="transform.cpp">
      <Filter>Файлы исходного кода</Filter>
    </ClCompile>
    <ClCompile Include="ray.cpp">
      <Filter>Data</Filter>
    </ClCompile>
    <ClCompile Include="plane.cpp">
      <Filter>Objects</Filter>
    </ClCompile>
    <ClCompile Include="sphere.cpp">
      <Filter>Objects</Filter>
    </ClCompile>
    <ClCompile Include="vector3.cpp">
      <Filter>Data</Filter>
    </ClCompile>
    <ClCompile Include="vector4.cpp">
      <Filter>Data</Filter>
    </ClCompile>
    <ClCompile Include="matrix4x4.cpp">
      <Filter>Data</Filter>
    </ClCompile>
    <ClCompile Include="scene.cpp">
      <Filter>Файлы исходного кода</Filter>
    </ClCompile>
    <ClCompile Include="render.cpp">
      <Filter>Файлы исходного кода</Filter>
    </ClCompile>
    <ClCompile Include="color.cpp">
      <Filter>Data</Filter>
    </ClCompile>
    <ClCompile Include="object.cpp">
      <Filter>Файлы исходного кода</Filter>
    </ClCompile>
    <ClCompile Include="light.cpp">
      <Filter>Lights</Filter>
    </ClCompile>
    <ClCompile Include="image.cpp">
      <Filter>Data</Filter>
    </ClCompile>
    <ClCompile Include="triangle.cpp">
      <Filter>Objects</Filter>
    </ClCompile>
    <ClCompile Include="mesh.cpp">
      <Filter>Objects</Filter>
    </ClCompile>
    <ClCompile Include="boundingbox.cpp">
      <Filter>Файлы исходного кода</Filter>
    </ClCompile>
    <ClCompile Include="objParser.cpp">
      <Filter>Parsers</Filter>
    </ClCompile>
    <ClCompile Include="mtlParser.cpp">
      <Filter>Parsers</Filter>
    </ClCompile>
    <ClCompile Include="utils.cpp">
      <Filter>Файлы исходного кода</Filter>
    </ClCompile>
    <ClCompile Include="logger.cpp">
      <Filter>Файлы исходного кода</Filter>
    </ClCompile>
    <ClCompile Include="quad.cpp">
      <Filter>Objects</Filter>
    </ClCompile>
    <ClCompile Include="phongMaterial.cpp">
      <Filter>Materials</Filter>
    </ClCompile>
    <ClCompile Include="material.cpp">
      <Filter>Materials</Filter>
    </ClCompile>
  </ItemGroup>
</Project>